
Microsoft Visual Studio Solution File, Format Version 12.00
# Visual Studio 15
VisualStudioVersion = 15.0.28307.329
MinimumVisualStudioVersion = 10.0.40219.1
Project("{FAE04EC0-301F-11D3-BF4B-00C04F79EFBC}") = "KerioConnect", "KerioConnectClient\KerioConnectClient.csproj", "{E81453ED-40F8-4A5D-941A-E0930FA4B270}"
EndProject
Project("{9A19103F-16F7-4668-BE54-9A1E7A4F7556}") = "JsonRPC", "JsonRpc\JsonRPC\JsonRPC\JsonRPC.csproj", "{9AC53439-B627-4005-B679-388BEFDBDEE1}"
EndProject
Global
	GlobalSection(SolutionConfigurationPlatforms) = preSolution
		Debug|Any CPU = Debug|Any CPU
		Release|Any CPU = Release|Any CPU
	EndGlobalSection
	GlobalSection(ProjectConfigurationPlatforms) = postSolution
		{E81453ED-40F8-4A5D-941A-E0930FA4B270}.Debug|Any CPU.ActiveCfg = Debug|Any CPU
		{E81453ED-40F8-4A5D-941A-E0930FA4B270}.Debug|Any CPU.Build.0 = Debug|Any CPU
		{E81453ED-40F8-4A5D-941A-E0930FA4B270}.Release|Any CPU.ActiveCfg = Release|Any CPU
		{E81453ED-40F8-4A5D-941A-E0930FA4B270}.Release|Any CPU.Build.0 = Release|Any CPU
		{9AC53439-B627-4005-B679-388BEFDBDEE1}.Debug|Any CPU.ActiveCfg = Debug|Any CPU
		{9AC53439-B627-4005-B679-388BEFDBDEE1}.Debug|Any CPU.Build.0 = Debug|Any CPU
		{9AC53439-B627-4005-B679-388BEFDBDEE1}.Release|Any CPU.ActiveCfg = Release|Any CPU
		{9AC53439-B627-4005-B679-388BEFDBDEE1}.Release|Any CPU.Build.0 = Release|Any CPU
	EndGlobalSection
	GlobalSection(SolutionProperties) = preSolution
		HideSolutionNode = FALSE
	EndGlobalSection
	GlobalSection(ExtensibilityGlobals) = postSolution
		SolutionGuid = {A00C9725-DA4C-4BCC-8AFF-EA46986E00AC}
	EndGlobalSection
EndGlobal
